// !$*UTF8*$!
{
	archiveVersion = 1;
	classes = {
	};
	objectVersion = 46;
	objects = {

/* Begin PBXBuildFile section */
		8F58B36D1DB7153A004DCABB /* AppDelegate.swift in Sources */ = {isa = PBXBuildFile; fileRef = 8F58B36C1DB7153A004DCABB /* AppDelegate.swift */; };
		8F58B36F1DB7153A004DCABB /* Assets.xcassets in Resources */ = {isa = PBXBuildFile; fileRef = 8F58B36E1DB7153A004DCABB /* Assets.xcassets */; };
		8F58B3721DB7153A004DCABB /* MainMenu.xib in Resources */ = {isa = PBXBuildFile; fileRef = 8F58B3701DB7153A004DCABB /* MainMenu.xib */; };
		8F58B3801DB719A8004DCABB /* AppDelegate.swift in Sources */ = {isa = PBXBuildFile; fileRef = 8F58B37F1DB719A8004DCABB /* AppDelegate.swift */; };
		8F58B3821DB719A8004DCABB /* Assets.xcassets in Resources */ = {isa = PBXBuildFile; fileRef = 8F58B3811DB719A8004DCABB /* Assets.xcassets */; };
		8F58B3851DB719A8004DCABB /* MainMenu.xib in Resources */ = {isa = PBXBuildFile; fileRef = 8F58B3831DB719A8004DCABB /* MainMenu.xib */; };
		8F58B38B1DB71D6C004DCABB /* ASLauncherMacSample-Launcher.app in CopyFiles */ = {isa = PBXBuildFile; fileRef = 8F58B37D1DB719A8004DCABB /* ASLauncherMacSample-Launcher.app */; settings = {ATTRIBUTES = (RemoveHeadersOnCopy, ); }; };
		8F58B38D1DB71E0B004DCABB /* ASLauncherMac.framework in Frameworks */ = {isa = PBXBuildFile; fileRef = 8F58B38C1DB71E0B004DCABB /* ASLauncherMac.framework */; };
		8F58B38E1DB71E0B004DCABB /* ASLauncherMac.framework in Frameworks */ = {isa = PBXBuildFile; fileRef = 8F58B38C1DB71E0B004DCABB /* ASLauncherMac.framework */; };
		8F58B38F1DB71E6D004DCABB /* ASLauncherMac.framework in Frameworks */ = {isa = PBXBuildFile; fileRef = 8F58B38C1DB71E0B004DCABB /* ASLauncherMac.framework */; };
		8F58B3901DB71E6D004DCABB /* ASLauncherMac.framework in Embed Frameworks */ = {isa = PBXBuildFile; fileRef = 8F58B38C1DB71E0B004DCABB /* ASLauncherMac.framework */; settings = {ATTRIBUTES = (CodeSignOnCopy, RemoveHeadersOnCopy, ); }; };
		8F58B3921DB71E96004DCABB /* ASLauncherMac.framework in Frameworks */ = {isa = PBXBuildFile; fileRef = 8F58B38C1DB71E0B004DCABB /* ASLauncherMac.framework */; };
		8F58B3931DB71E96004DCABB /* ASLauncherMac.framework in Embed Frameworks */ = {isa = PBXBuildFile; fileRef = 8F58B38C1DB71E0B004DCABB /* ASLauncherMac.framework */; settings = {ATTRIBUTES = (CodeSignOnCopy, RemoveHeadersOnCopy, ); }; };
/* End PBXBuildFile section */

/* Begin PBXCopyFilesBuildPhase section */
		8F58B38A1DB71D4E004DCABB /* CopyFiles */ = {
			isa = PBXCopyFilesBuildPhase;
			buildActionMask = 2147483647;
			dstPath = Contents/Library/LoginItems;
			dstSubfolderSpec = 1;
			files = (
				8F58B38B1DB71D6C004DCABB /* ASLauncherMacSample-Launcher.app in CopyFiles */,
			);
			runOnlyForDeploymentPostprocessing = 0;
		};
		8F58B3911DB71E6D004DCABB /* Embed Frameworks */ = {
			isa = PBXCopyFilesBuildPhase;
			buildActionMask = 2147483647;
			dstPath = "";
			dstSubfolderSpec = 10;
			files = (
				8F58B3901DB71E6D004DCABB /* ASLauncherMac.framework in Embed Frameworks */,
			);
			name = "Embed Frameworks";
			runOnlyForDeploymentPostprocessing = 0;
		};
		8F58B3941DB71E96004DCABB /* Embed Frameworks */ = {
			isa = PBXCopyFilesBuildPhase;
			buildActionMask = 2147483647;
			dstPath = "";
			dstSubfolderSpec = 10;
			files = (
				8F58B3931DB71E96004DCABB /* ASLauncherMac.framework in Embed Frameworks */,
			);
			name = "Embed Frameworks";
			runOnlyForDeploymentPostprocessing = 0;
		};
/* End PBXCopyFilesBuildPhase section */

/* Begin PBXFileReference section */
		8F58B3691DB7153A004DCABB /* ASLauncherMacSample.app */ = {isa = PBXFileReference; explicitFileType = wrapper.application; includeInIndex = 0; path = ASLauncherMacSample.app; sourceTree = BUILT_PRODUCTS_DIR; };
		8F58B36C1DB7153A004DCABB /* AppDelegate.swift */ = {isa = PBXFileReference; lastKnownFileType = sourcecode.swift; path = AppDelegate.swift; sourceTree = "<group>"; };
		8F58B36E1DB7153A004DCABB /* Assets.xcassets */ = {isa = PBXFileReference; lastKnownFileType = folder.assetcatalog; path = Assets.xcassets; sourceTree = "<group>"; };
		8F58B3711DB7153A004DCABB /* Base */ = {isa = PBXFileReference; lastKnownFileType = file.xib; name = Base; path = Base.lproj/MainMenu.xib; sourceTree = "<group>"; };
		8F58B3731DB7153A004DCABB /* Info.plist */ = {isa = PBXFileReference; lastKnownFileType = text.plist.xml; path = Info.plist; sourceTree = "<group>"; };
		8F58B37D1DB719A8004DCABB /* ASLauncherMacSample-Launcher.app */ = {isa = PBXFileReference; explicitFileType = wrapper.application; includeInIndex = 0; path = "ASLauncherMacSample-Launcher.app"; sourceTree = BUILT_PRODUCTS_DIR; };
		8F58B37F1DB719A8004DCABB /* AppDelegate.swift */ = {isa = PBXFileReference; lastKnownFileType = sourcecode.swift; path = AppDelegate.swift; sourceTree = "<group>"; };
		8F58B3811DB719A8004DCABB /* Assets.xcassets */ = {isa = PBXFileReference; lastKnownFileType = folder.assetcatalog; path = Assets.xcassets; sourceTree = "<group>"; };
		8F58B3841DB719A8004DCABB /* Base */ = {isa = PBXFileReference; lastKnownFileType = file.xib; name = Base; path = Base.lproj/MainMenu.xib; sourceTree = "<group>"; };
		8F58B3861DB719A8004DCABB /* Info.plist */ = {isa = PBXFileReference; lastKnownFileType = text.plist.xml; path = Info.plist; sourceTree = "<group>"; };
		8F58B38C1DB71E0B004DCABB /* ASLauncherMac.framework */ = {isa = PBXFileReference; lastKnownFileType = wrapper.framework; name = ASLauncherMac.framework; path = Carthage/Build/Mac/ASLauncherMac.framework; sourceTree = "<group>"; };
/* End PBXFileReference section */

/* Begin PBXFrameworksBuildPhase section */
		8F58B3661DB7153A004DCABB /* Frameworks */ = {
			isa = PBXFrameworksBuildPhase;
			buildActionMask = 2147483647;
			files = (
				8F58B38F1DB71E6D004DCABB /* ASLauncherMac.framework in Frameworks */,
				8F58B38D1DB71E0B004DCABB /* ASLauncherMac.framework in Frameworks */,
			);
			runOnlyForDeploymentPostprocessing = 0;
		};
		8F58B37A1DB719A8004DCABB /* Frameworks */ = {
			isa = PBXFrameworksBuildPhase;
			buildActionMask = 2147483647;
			files = (
				8F58B3921DB71E96004DCABB /* ASLauncherMac.framework in Frameworks */,
				8F58B38E1DB71E0B004DCABB /* ASLauncherMac.framework in Frameworks */,
			);
			runOnlyForDeploymentPostprocessing = 0;
		};
/* End PBXFrameworksBuildPhase section */

/* Begin PBXGroup section */
		8F58B3601DB7153A004DCABB = {
			isa = PBXGroup;
			children = (
				8F58B38C1DB71E0B004DCABB /* ASLauncherMac.framework */,
				8F58B36B1DB7153A004DCABB /* ASLauncherMacSample */,
				8F58B37E1DB719A8004DCABB /* ASLauncherMacSample-Launcher */,
				8F58B36A1DB7153A004DCABB /* Products */,
			);
			sourceTree = "<group>";
		};
		8F58B36A1DB7153A004DCABB /* Products */ = {
			isa = PBXGroup;
			children = (
				8F58B3691DB7153A004DCABB /* ASLauncherMacSample.app */,
				8F58B37D1DB719A8004DCABB /* ASLauncherMacSample-Launcher.app */,
			);
			name = Products;
			sourceTree = "<group>";
		};
		8F58B36B1DB7153A004DCABB /* ASLauncherMacSample */ = {
			isa = PBXGroup;
			children = (
				8F58B36C1DB7153A004DCABB /* AppDelegate.swift */,
				8F58B36E1DB7153A004DCABB /* Assets.xcassets */,
				8F58B3701DB7153A004DCABB /* MainMenu.xib */,
				8F58B3731DB7153A004DCABB /* Info.plist */,
			);
			path = ASLauncherMacSample;
			sourceTree = "<group>";
		};
		8F58B37E1DB719A8004DCABB /* ASLauncherMacSample-Launcher */ = {
			isa = PBXGroup;
			children = (
				8F58B37F1DB719A8004DCABB /* AppDelegate.swift */,
				8F58B3811DB719A8004DCABB /* Assets.xcassets */,
				8F58B3831DB719A8004DCABB /* MainMenu.xib */,
				8F58B3861DB719A8004DCABB /* Info.plist */,
			);
			path = "ASLauncherMacSample-Launcher";
			sourceTree = "<group>";
		};
/* End PBXGroup section */

/* Begin PBXNativeTarget section */
		8F58B3681DB7153A004DCABB /* ASLauncherMacSample */ = {
			isa = PBXNativeTarget;
			buildConfigurationList = 8F58B3761DB7153A004DCABB /* Build configuration list for PBXNativeTarget "ASLauncherMacSample" */;
			buildPhases = (
				8F58B3651DB7153A004DCABB /* Sources */,
				8F58B3661DB7153A004DCABB /* Frameworks */,
				8F58B3671DB7153A004DCABB /* Resources */,
				8F58B38A1DB71D4E004DCABB /* CopyFiles */,
				8F58B3911DB71E6D004DCABB /* Embed Frameworks */,
			);
			buildRules = (
			);
			dependencies = (
			);
			name = ASLauncherMacSample;
			productName = ASLauncherMacSample;
			productReference = 8F58B3691DB7153A004DCABB /* ASLauncherMacSample.app */;
			productType = "com.apple.product-type.application";
		};
		8F58B37C1DB719A8004DCABB /* ASLauncherMacSample-Launcher */ = {
			isa = PBXNativeTarget;
			buildConfigurationList = 8F58B3871DB719A8004DCABB /* Build configuration list for PBXNativeTarget "ASLauncherMacSample-Launcher" */;
			buildPhases = (
				8F58B3791DB719A8004DCABB /* Sources */,
				8F58B37A1DB719A8004DCABB /* Frameworks */,
				8F58B37B1DB719A8004DCABB /* Resources */,
				8F58B3941DB71E96004DCABB /* Embed Frameworks */,
			);
			buildRules = (
			);
			dependencies = (
			);
			name = "ASLauncherMacSample-Launcher";
			productName = "ASLauncherMacSample-Launcher";
			productReference = 8F58B37D1DB719A8004DCABB /* ASLauncherMacSample-Launcher.app */;
			productType = "com.apple.product-type.application";
		};
/* End PBXNativeTarget section */

/* Begin PBXProject section */
		8F58B3611DB7153A004DCABB /* Project object */ = {
			isa = PBXProject;
			attributes = {
				LastSwiftUpdateCheck = 0800;
				LastUpgradeCheck = 0800;
				ORGANIZATIONNAME = antscript.com;
				TargetAttributes = {
					8F58B3681DB7153A004DCABB = {
						CreatedOnToolsVersion = 8.0;
						ProvisioningStyle = Automatic;
					};
					8F58B37C1DB719A8004DCABB = {
						CreatedOnToolsVersion = 8.0;
						ProvisioningStyle = Automatic;
					};
				};
			};
			buildConfigurationList = 8F58B3641DB7153A004DCABB /* Build configuration list for PBXProject "ASLauncherMacSample" */;
			compatibilityVersion = "Xcode 3.2";
			developmentRegion = English;
			hasScannedForEncodings = 0;
			knownRegions = (
				en,
				Base,
			);
			mainGroup = 8F58B3601DB7153A004DCABB;
			productRefGroup = 8F58B36A1DB7153A004DCABB /* Products */;
			projectDirPath = "";
			projectRoot = "";
			targets = (
				8F58B3681DB7153A004DCABB /* ASLauncherMacSample */,
				8F58B37C1DB719A8004DCABB /* ASLauncherMacSample-Launcher */,
			);
		};
/* End PBXProject section */

/* Begin PBXResourcesBuildPhase section */
		8F58B3671DB7153A004DCABB /* Resources */ = {
			isa = PBXResourcesBuildPhase;
			buildActionMask = 2147483647;
			files = (
				8F58B36F1DB7153A004DCABB /* Assets.xcassets in Resources */,
				8F58B3721DB7153A004DCABB /* MainMenu.xib in Resources */,
			);
			runOnlyForDeploymentPostprocessing = 0;
		};
		8F58B37B1DB719A8004DCABB /* Resources */ = {
			isa = PBXResourcesBuildPhase;
			buildActionMask = 2147483647;
			files = (
				8F58B3821DB719A8004DCABB /* Assets.xcassets in Resources */,
				8F58B3851DB719A8004DCABB /* MainMenu.xib in Resources */,
			);
			runOnlyForDeploymentPostprocessing = 0;
		};
/* End PBXResourcesBuildPhase section */

/* Begin PBXSourcesBuildPhase section */
		8F58B3651DB7153A004DCABB /* Sources */ = {
			isa = PBXSourcesBuildPhase;
			buildActionMask = 2147483647;
			files = (
				8F58B36D1DB7153A004DCABB /* AppDelegate.swift in Sources */,
			);
			runOnlyForDeploymentPostprocessing = 0;
		};
		8F58B3791DB719A8004DCABB /* Sources */ = {
			isa = PBXSourcesBuildPhase;
			buildActionMask = 2147483647;
			files = (
				8F58B3801DB719A8004DCABB /* AppDelegate.swift in Sources */,
			);
			runOnlyForDeploymentPostprocessing = 0;
		};
/* End PBXSourcesBuildPhase section */

/* Begin PBXVariantGroup section */
		8F58B3701DB7153A004DCABB /* MainMenu.xib */ = {
			isa = PBXVariantGroup;
			children = (
				8F58B3711DB7153A004DCABB /* Base */,
			);
			name = MainMenu.xib;
			sourceTree = "<group>";
		};
		8F58B3831DB719A8004DCABB /* MainMenu.xib */ = {
			isa = PBXVariantGroup;
			children = (
				8F58B3841DB719A8004DCABB /* Base */,
			);
			name = MainMenu.xib;
			sourceTree = "<group>";
		};
/* End PBXVariantGroup section */

/* Begin XCBuildConfiguration section */
		8F58B3741DB7153A004DCABB /* Debug */ = {
			isa = XCBuildConfiguration;
			buildSettings = {
				ALWAYS_SEARCH_USER_PATHS = NO;
				CLANG_ANALYZER_NONNULL = YES;
				CLANG_CXX_LANGUAGE_STANDARD = "gnu++0x";
				CLANG_CXX_LIBRARY = "libc++";
				CLANG_ENABLE_MODULES = YES;
				CLANG_ENABLE_OBJC_ARC = YES;
				CLANG_WARN_BOOL_CONVERSION = YES;
				CLANG_WARN_CONSTANT_CONVERSION = YES;
				CLANG_WARN_DIRECT_OBJC_ISA_USAGE = YES_ERROR;
				CLANG_WARN_DOCUMENTATION_COMMENTS = YES;
				CLANG_WARN_EMPTY_BODY = YES;
				CLANG_WARN_ENUM_CONVERSION = YES;
				CLANG_WARN_INFINITE_RECURSION = YES;
				CLANG_WARN_INT_CONVERSION = YES;
				CLANG_WARN_OBJC_ROOT_CLASS = YES_ERROR;
				CLANG_WARN_SUSPICIOUS_MOVES = YES;
				CLANG_WARN_UNREACHABLE_CODE = YES;
				CLANG_WARN__DUPLICATE_METHOD_MATCH = YES;
				CODE_SIGN_IDENTITY = "-";
				COPY_PHASE_STRIP = NO;
				DEBUG_INFORMATION_FORMAT = dwarf;
				ENABLE_STRICT_OBJC_MSGSEND = YES;
				ENABLE_TESTABILITY = YES;
				GCC_C_LANGUAGE_STANDARD = gnu99;
				GCC_DYNAMIC_NO_PIC = NO;
				GCC_NO_COMMON_BLOCKS = YES;
				GCC_OPTIMIZATION_LEVEL = 0;
				GCC_PREPROCESSOR_DEFINITIONS = (
					"DEBUG=1",
					"$(inherited)",
				);
				GCC_WARN_64_TO_32_BIT_CONVERSION = YES;
				GCC_WARN_ABOUT_RETURN_TYPE = YES_ERROR;
				GCC_WARN_UNDECLARED_SELECTOR = YES;
				GCC_WARN_UNINITIALIZED_AUTOS = YES_AGGRESSIVE;
				GCC_WARN_UNUSED_FUNCTION = YES;
				GCC_WARN_UNUSED_VARIABLE = YES;
				MACOSX_DEPLOYMENT_TARGET = 10.11;
				MTL_ENABLE_DEBUG_INFO = YES;
				ONLY_ACTIVE_ARCH = YES;
				SDKROOT = macosx;
				SWIFT_ACTIVE_COMPILATION_CONDITIONS = DEBUG;
				SWIFT_OPTIMIZATION_LEVEL = "-Onone";
			};
			name = Debug;
		};
		8F58B3751DB7153A004DCABB /* Release */ = {
			isa = XCBuildConfiguration;
			buildSettings = {
				ALWAYS_SEARCH_USER_PATHS = NO;
				CLANG_ANALYZER_NONNULL = YES;
				CLANG_CXX_LANGUAGE_STANDARD = "gnu++0x";
				CLANG_CXX_LIBRARY = "libc++";
				CLANG_ENABLE_MODULES = YES;
				CLANG_ENABLE_OBJC_ARC = YES;
				CLANG_WARN_BOOL_CONVERSION = YES;
				CLANG_WARN_CONSTANT_CONVERSION = YES;
				CLANG_WARN_DIRECT_OBJC_ISA_USAGE = YES_ERROR;
				CLANG_WARN_DOCUMENTATION_COMMENTS = YES;
				CLANG_WARN_EMPTY_BODY = YES;
				CLANG_WARN_ENUM_CONVERSION = YES;
				CLANG_WARN_INFINITE_RECURSION = YES;
				CLANG_WARN_INT_CONVERSION = YES;
				CLANG_WARN_OBJC_ROOT_CLASS = YES_ERROR;
				CLANG_WARN_SUSPICIOUS_MOVES = YES;
				CLANG_WARN_UNREACHABLE_CODE = YES;
				CLANG_WARN__DUPLICATE_METHOD_MATCH = YES;
				CODE_SIGN_IDENTITY = "-";
				COPY_PHASE_STRIP = NO;
				DEBUG_INFORMATION_FORMAT = "dwarf-with-dsym";
				ENABLE_NS_ASSERTIONS = NO;
				ENABLE_STRICT_OBJC_MSGSEND = YES;
				GCC_C_LANGUAGE_STANDARD = gnu99;
				GCC_NO_COMMON_BLOCKS = YES;
				GCC_WARN_64_TO_32_BIT_CONVERSION = YES;
				GCC_WARN_ABOUT_RETURN_TYPE = YES_ERROR;
				GCC_WARN_UNDECLARED_SELECTOR = YES;
				GCC_WARN_UNINITIALIZED_AUTOS = YES_AGGRESSIVE;
				GCC_WARN_UNUSED_FUNCTION = YES;
				GCC_WARN_UNUSED_VARIABLE = YES;
				MACOSX_DEPLOYMENT_TARGET = 10.11;
				MTL_ENABLE_DEBUG_INFO = NO;
				SDKROOT = macosx;
				SWIFT_OPTIMIZATION_LEVEL = "-Owholemodule";
			};
			name = Release;
		};
		8F58B3771DB7153A004DCABB /* Debug */ = {
			isa = XCBuildConfiguration;
			buildSettings = {
				ASSETCATALOG_COMPILER_APPICON_NAME = AppIcon;
				COMBINE_HIDPI_IMAGES = YES;
				FRAMEWORK_SEARCH_PATHS = (
					"$(inherited)",
					"$(PROJECT_DIR)/Carthage/Build/Mac",
				);
				INFOPLIST_FILE = ASLauncherMacSample/Info.plist;
				LD_RUNPATH_SEARCH_PATHS = "$(inherited) @executable_path/../Frameworks";
				PRODUCT_BUNDLE_IDENTIFIER = com.antscript.ASLauncherMacSample;
				PRODUCT_NAME = "$(TARGET_NAME)";
				SWIFT_VERSION = 3.0;
			};
			name = Debug;
		};
		8F58B3781DB7153A004DCABB /* Release */ = {
			isa = XCBuildConfiguration;
			buildSettings = {
				ASSETCATALOG_COMPILER_APPICON_NAME = AppIcon;
				COMBINE_HIDPI_IMAGES = YES;
				FRAMEWORK_SEARCH_PATHS = (
					"$(inherited)",
					"$(PROJECT_DIR)/Carthage/Build/Mac",
				);
				INFOPLIST_FILE = ASLauncherMacSample/Info.plist;
				LD_RUNPATH_SEARCH_PATHS = "$(inherited) @executable_path/../Frameworks";
				PRODUCT_BUNDLE_IDENTIFIER = com.antscript.ASLauncherMacSample;
				PRODUCT_NAME = "$(TARGET_NAME)";
				SWIFT_VERSION = 3.0;
			};
			name = Release;
		};
		8F58B3881DB719A8004DCABB /* Debug */ = {
			isa = XCBuildConfiguration;
			buildSettings = {
				ASSETCATALOG_COMPILER_APPICON_NAME = AppIcon;
				COMBINE_HIDPI_IMAGES = YES;
				FRAMEWORK_SEARCH_PATHS = (
					"$(inherited)",
					"$(PROJECT_DIR)/Carthage/Build/Mac",
				);
				INFOPLIST_FILE = "ASLauncherMacSample-Launcher/Info.plist";
				LD_RUNPATH_SEARCH_PATHS = "$(inherited) @executable_path/../Frameworks";
				PRODUCT_BUNDLE_IDENTIFIER = "com.antscript.ASLauncherMacSample-Launcher";
				PRODUCT_NAME = "$(TARGET_NAME)";
				SKIP_INSTALL = YES;
				SWIFT_VERSION = 3.0;
			};
			name = Debug;
		};
		8F58B3891DB719A8004DCABB /* Release */ = {
			isa = XCBuildConfiguration;
			buildSettings = {
				ASSETCATALOG_COMPILER_APPICON_NAME = AppIcon;
				COMBINE_HIDPI_IMAGES = YES;
				FRAMEWORK_SEARCH_PATHS = (
					"$(inherited)",
					"$(PROJECT_DIR)/Carthage/Build/Mac",
				);
				INFOPLIST_FILE = "ASLauncherMacSample-Launcher/Info.plist";
				LD_RUNPATH_SEARCH_PATHS = "$(inherited) @executable_path/../Frameworks";
				PRODUCT_BUNDLE_IDENTIFIER = "com.antscript.ASLauncherMacSample-Launcher";
				PRODUCT_NAME = "$(TARGET_NAME)";
				SKIP_INSTALL = YES;
				SWIFT_VERSION = 3.0;
			};
			name = Release;
		};
/* End XCBuildConfiguration section */

/* Begin XCConfigurationList section */
		8F58B3641DB7153A004DCABB /* Build configuration list for PBXProject "ASLauncherMacSample" */ = {
			isa = XCConfigurationList;
			buildConfigurations = (
				8F58B3741DB7153A004DCABB /* Debug */,
				8F58B3751DB7153A004DCABB /* Release */,
			);
			defaultConfigurationIsVisible = 0;
			defaultConfigurationName = Release;
		};
		8F58B3761DB7153A004DCABB /* Build configuration list for PBXNativeTarget "ASLauncherMacSample" */ = {
			isa = XCConfigurationList;
			buildConfigurations = (
				8F58B3771DB7153A004DCABB /* Debug */,
				8F58B3781DB7153A004DCABB /* Release */,
			);
			defaultConfigurationIsVisible = 0;
		};
		8F58B3871DB719A8004DCABB /* Build configuration list for PBXNativeTarget "ASLauncherMacSample-Launcher" */ = {
			isa = XCConfigurationList;
			buildConfigurations = (
				8F58B3881DB719A8004DCABB /* Debug */,
				8F58B3891DB719A8004DCABB /* Release */,
			);
			defaultConfigurationIsVisible = 0;
		};
/* End XCConfigurationList section */
	};
	rootObject = 8F58B3611DB7153A004DCABB /* Project object */;
}
